
Microsoft Visual Studio Solution File, Format Version 12.00
Project("{FAE04EC0-301F-11D3-BF4B-00C04F79EFBC}") = "Lab19_Misyuro.Kirill_Collections", "Lab19_Misyuro.Kirill_Collections\Lab19_Misyuro.Kirill_Collections.csproj", "{5883A532-DC72-4819-B72A-F633C3F527FD}"
EndProject
Global
	GlobalSection(SolutionConfigurationPlatforms) = preSolution
		Debug|Any CPU = Debug|Any CPU
		Release|Any CPU = Release|Any CPU
	EndGlobalSection
	GlobalSection(ProjectConfigurationPlatforms) = postSolution
		{5883A532-DC72-4819-B72A-F633C3F527FD}.Debug|Any CPU.ActiveCfg = Debug|Any CPU
		{5883A532-DC72-4819-B72A-F633C3F527FD}.Debug|Any CPU.Build.0 = Debug|Any CPU
		{5883A532-DC72-4819-B72A-F633C3F527FD}.Release|Any CPU.ActiveCfg = Release|Any CPU
		{5883A532-DC72-4819-B72A-F633C3F527FD}.Release|Any CPU.Build.0 = Release|Any CPU
	EndGlobalSection
EndGlobal
